// !$*UTF8*$!
{
	archiveVersion = 1;
	classes = {
	};
	objectVersion = 50;
	objects = {

/* Begin PBXBuildFile section */
		AFF9D935234E05EF00EBF6FC /* AppDelegate.swift in Sources */ = {isa = PBXBuildFile; fileRef = AFF9D934234E05EF00EBF6FC /* AppDelegate.swift */; };
		AFF9D937234E05EF00EBF6FC /* SceneDelegate.swift in Sources */ = {isa = PBXBuildFile; fileRef = AFF9D936234E05EF00EBF6FC /* SceneDelegate.swift */; };
		AFF9D93A234E05EF00EBF6FC /* TheFramework.xcdatamodeld in Sources */ = {isa = PBXBuildFile; fileRef = AFF9D938234E05EF00EBF6FC /* TheFramework.xcdatamodeld */; };
		AFF9D93C234E05EF00EBF6FC /* ContentView.swift in Sources */ = {isa = PBXBuildFile; fileRef = AFF9D93B234E05EF00EBF6FC /* ContentView.swift */; };
		AFF9D93E234E05F000EBF6FC /* Assets.xcassets in Resources */ = {isa = PBXBuildFile; fileRef = AFF9D93D234E05F000EBF6FC /* Assets.xcassets */; };
		AFF9D941234E05F000EBF6FC /* Preview Assets.xcassets in Resources */ = {isa = PBXBuildFile; fileRef = AFF9D940234E05F000EBF6FC /* Preview Assets.xcassets */; };
		AFF9D944234E05F000EBF6FC /* LaunchScreen.storyboard in Resources */ = {isa = PBXBuildFile; fileRef = AFF9D942234E05F000EBF6FC /* LaunchScreen.storyboard */; };
/* End PBXBuildFile section */

/* Begin PBXFileReference section */
		AFF9D931234E05EF00EBF6FC /* TheFramework.app */ = {isa = PBXFileReference; explicitFileType = wrapper.application; includeInIndex = 0; path = TheFramework.app; sourceTree = BUILT_PRODUCTS_DIR; };
		AFF9D934234E05EF00EBF6FC /* AppDelegate.swift */ = {isa = PBXFileReference; lastKnownFileType = sourcecode.swift; path = AppDelegate.swift; sourceTree = "<group>"; };
		AFF9D936234E05EF00EBF6FC /* SceneDelegate.swift */ = {isa = PBXFileReference; lastKnownFileType = sourcecode.swift; path = SceneDelegate.swift; sourceTree = "<group>"; };
		AFF9D939234E05EF00EBF6FC /* TheFramework.xcdatamodel */ = {isa = PBXFileReference; lastKnownFileType = wrapper.xcdatamodel; path = TheFramework.xcdatamodel; sourceTree = "<group>"; };
		AFF9D93B234E05EF00EBF6FC /* ContentView.swift */ = {isa = PBXFileReference; lastKnownFileType = sourcecode.swift; path = ContentView.swift; sourceTree = "<group>"; };
		AFF9D93D234E05F000EBF6FC /* Assets.xcassets */ = {isa = PBXFileReference; lastKnownFileType = folder.assetcatalog; path = Assets.xcassets; sourceTree = "<group>"; };
		AFF9D940234E05F000EBF6FC /* Preview Assets.xcassets */ = {isa = PBXFileReference; lastKnownFileType = folder.assetcatalog; path = "Preview Assets.xcassets"; sourceTree = "<group>"; };
		AFF9D943234E05F000EBF6FC /* Base */ = {isa = PBXFileReference; lastKnownFileType = file.storyboard; name = Base; path = Base.lproj/LaunchScreen.storyboard; sourceTree = "<group>"; };
		AFF9D945234E05F000EBF6FC /* Info.plist */ = {isa = PBXFileReference; lastKnownFileType = text.plist.xml; path = Info.plist; sourceTree = "<group>"; };
/* End PBXFileReference section */

/* Begin PBXFrameworksBuildPhase section */
		AFF9D92E234E05EF00EBF6FC /* Frameworks */ = {
			isa = PBXFrameworksBuildPhase;
			buildActionMask = 2147483647;
			files = (
			);
			runOnlyForDeploymentPostprocessing = 0;
		};
/* End PBXFrameworksBuildPhase section */

/* Begin PBXGroup section */
		AFF9D928234E05EF00EBF6FC = {
			isa = PBXGroup;
			children = (
				AFF9D933234E05EF00EBF6FC /* TheFramework */,
				AFF9D932234E05EF00EBF6FC /* Products */,
			);
			sourceTree = "<group>";
		};
		AFF9D932234E05EF00EBF6FC /* Products */ = {
			isa = PBXGroup;
			children = (
				AFF9D931234E05EF00EBF6FC /* TheFramework.app */,
			);
			name = Products;
			sourceTree = "<group>";
		};
		AFF9D933234E05EF00EBF6FC /* TheFramework */ = {
			isa = PBXGroup;
			children = (
				AFF9D934234E05EF00EBF6FC /* AppDelegate.swift */,
				AFF9D936234E05EF00EBF6FC /* SceneDelegate.swift */,
				AFF9D93B234E05EF00EBF6FC /* ContentView.swift */,
				AFF9D93D234E05F000EBF6FC /* Assets.xcassets */,
				AFF9D942234E05F000EBF6FC /* LaunchScreen.storyboard */,
				AFF9D945234E05F000EBF6FC /* Info.plist */,
				AFF9D938234E05EF00EBF6FC /* TheFramework.xcdatamodeld */,
				AFF9D93F234E05F000EBF6FC /* Preview Content */,
			);
			path = TheFramework;
			sourceTree = "<group>";
		};
		AFF9D93F234E05F000EBF6FC /* Preview Content */ = {
			isa = PBXGroup;
			children = (
				AFF9D940234E05F000EBF6FC /* Preview Assets.xcassets */,
			);
			path = "Preview Content";
			sourceTree = "<group>";
		};
/* End PBXGroup section */

/* Begin PBXNativeTarget section */
		AFF9D930234E05EF00EBF6FC /* TheFramework */ = {
			isa = PBXNativeTarget;
			buildConfigurationList = AFF9D948234E05F000EBF6FC /* Build configuration list for PBXNativeTarget "TheFramework" */;
			buildPhases = (
				AFF9D92D234E05EF00EBF6FC /* Sources */,
				AFF9D92E234E05EF00EBF6FC /* Frameworks */,
				AFF9D92F234E05EF00EBF6FC /* Resources */,
			);
			buildRules = (
			);
			dependencies = (
			);
			name = TheFramework;
			productName = TheFramework;
			productReference = AFF9D931234E05EF00EBF6FC /* TheFramework.app */;
			productType = "com.apple.product-type.application";
		};
/* End PBXNativeTarget section */

/* Begin PBXProject section */
		AFF9D929234E05EF00EBF6FC /* Project object */ = {
			isa = PBXProject;
			attributes = {
				LastSwiftUpdateCheck = 1100;
				LastUpgradeCheck = 1100;
				ORGANIZATIONNAME = "Jannis Grimm";
				TargetAttributes = {
					AFF9D930234E05EF00EBF6FC = {
						CreatedOnToolsVersion = 11.0;
					};
				};
			};
			buildConfigurationList = AFF9D92C234E05EF00EBF6FC /* Build configuration list for PBXProject "TheFramework" */;
			compatibilityVersion = "Xcode 9.3";
			developmentRegion = en;
			hasScannedForEncodings = 0;
			knownRegions = (
				en,
				Base,
			);
			mainGroup = AFF9D928234E05EF00EBF6FC;
			productRefGroup = AFF9D932234E05EF00EBF6FC /* Products */;
			projectDirPath = "";
			projectRoot = "";
			targets = (
				AFF9D930234E05EF00EBF6FC /* TheFramework */,
			);
		};
/* End PBXProject section */

/* Begin PBXResourcesBuildPhase section */
		AFF9D92F234E05EF00EBF6FC /* Resources */ = {
			isa = PBXResourcesBuildPhase;
			buildActionMask = 2147483647;
			files = (
				AFF9D944234E05F000EBF6FC /* LaunchScreen.storyboard in Resources */,
				AFF9D941234E05F000EBF6FC /* Preview Assets.xcassets in Resources */,
				AFF9D93E234E05F000EBF6FC /* Assets.xcassets in Resources */,
			);
			runOnlyForDeploymentPostprocessing = 0;
		};
/* End PBXResourcesBuildPhase section */

/* Begin PBXSourcesBuildPhase section */
		AFF9D92D234E05EF00EBF6FC /* Sources */ = {
			isa = PBXSourcesBuildPhase;
			buildActionMask = 2147483647;
			files = (
				AFF9D935234E05EF00EBF6FC /* AppDelegate.swift in Sources */,
				AFF9D93A234E05EF00EBF6FC /* TheFramework.xcdatamodeld in Sources */,
				AFF9D93C234E05EF00EBF6FC /* ContentView.swift in Sources */,
				AFF9D937234E05EF00EBF6FC /* SceneDelegate.swift in Sources */,
			);
			runOnlyForDeploymentPostprocessing = 0;
		};
/* End PBXSourcesBuildPhase section */

/* Begin PBXVariantGroup section */
		AFF9D942234E05F000EBF6FC /* LaunchScreen.storyboard */ = {
			isa = PBXVariantGroup;
			children = (
				AFF9D943234E05F000EBF6FC /* Base */,
			);
			name = LaunchScreen.storyboard;
			sourceTree = "<group>";
		};
/* End PBXVariantGroup section */

/* Begin XCBuildConfiguration section */
		AFF9D946234E05F000EBF6FC /* Debug */ = {
			isa = XCBuildConfiguration;
			buildSettings = {
				ALWAYS_SEARCH_USER_PATHS = NO;
				CLANG_ANALYZER_NONNULL = YES;
				CLANG_ANALYZER_NUMBER_OBJECT_CONVERSION = YES_AGGRESSIVE;
				CLANG_CXX_LANGUAGE_STANDARD = "gnu++14";
				CLANG_CXX_LIBRARY = "libc++";
				CLANG_ENABLE_MODULES = YES;
				CLANG_ENABLE_OBJC_ARC = YES;
				CLANG_ENABLE_OBJC_WEAK = YES;
				CLANG_WARN_BLOCK_CAPTURE_AUTORELEASING = YES;
				CLANG_WARN_BOOL_CONVERSION = YES;
				CLANG_WARN_COMMA = YES;
				CLANG_WARN_CONSTANT_CONVERSION = YES;
				CLANG_WARN_DEPRECATED_OBJC_IMPLEMENTATIONS = YES;
				CLANG_WARN_DIRECT_OBJC_ISA_USAGE = YES_ERROR;
				CLANG_WARN_DOCUMENTATION_COMMENTS = YES;
				CLANG_WARN_EMPTY_BODY = YES;
				CLANG_WARN_ENUM_CONVERSION = YES;
				CLANG_WARN_INFINITE_RECURSION = YES;
				CLANG_WARN_INT_CONVERSION = YES;
				CLANG_WARN_NON_LITERAL_NULL_CONVERSION = YES;
				CLANG_WARN_OBJC_IMPLICIT_RETAIN_SELF = YES;
				CLANG_WARN_OBJC_LITERAL_CONVERSION = YES;
				CLANG_WARN_OBJC_ROOT_CLASS = YES_ERROR;
				CLANG_WARN_RANGE_LOOP_ANALYSIS = YES;
				CLANG_WARN_STRICT_PROTOTYPES = YES;
				CLANG_WARN_SUSPICIOUS_MOVE = YES;
				CLANG_WARN_UNGUARDED_AVAILABILITY = YES_AGGRESSIVE;
				CLANG_WARN_UNREACHABLE_CODE = YES;
				CLANG_WARN__DUPLICATE_METHOD_MATCH = YES;
				COPY_PHASE_STRIP = NO;
				DEBUG_INFORMATION_FORMAT = dwarf;
				ENABLE_STRICT_OBJC_MSGSEND = YES;
				ENABLE_TESTABILITY = YES;
				GCC_C_LANGUAGE_STANDARD = gnu11;
				GCC_DYNAMIC_NO_PIC = NO;
				GCC_NO_COMMON_BLOCKS = YES;
				GCC_OPTIMIZATION_LEVEL = 0;
				GCC_PREPROCESSOR_DEFINITIONS = (
					"DEBUG=1",
					"$(inherited)",
				);
				GCC_WARN_64_TO_32_BIT_CONVERSION = YES;
				GCC_WARN_ABOUT_RETURN_TYPE = YES_ERROR;
				GCC_WARN_UNDECLARED_SELECTOR = YES;
				GCC_WARN_UNINITIALIZED_AUTOS = YES_AGGRESSIVE;
				GCC_WARN_UNUSED_FUNCTION = YES;
				GCC_WARN_UNUSED_VARIABLE = YES;
				IPHONEOS_DEPLOYMENT_TARGET = 13.0;
				MTL_ENABLE_DEBUG_INFO = INCLUDE_SOURCE;
				MTL_FAST_MATH = YES;
				ONLY_ACTIVE_ARCH = YES;
				SDKROOT = iphoneos;
				SWIFT_ACTIVE_COMPILATION_CONDITIONS = DEBUG;
				SWIFT_OPTIMIZATION_LEVEL = "-Onone";
			};
			name = Debug;
		};
		AFF9D947234E05F000EBF6FC /* Release */ = {
			isa = XCBuildConfiguration;
			buildSettings = {
				ALWAYS_SEARCH_USER_PATHS = NO;
				CLANG_ANALYZER_NONNULL = YES;
				CLANG_ANALYZER_NUMBER_OBJECT_CONVERSION = YES_AGGRESSIVE;
				CLANG_CXX_LANGUAGE_STANDARD = "gnu++14";
				CLANG_CXX_LIBRARY = "libc++";
				CLANG_ENABLE_MODULES = YES;
				CLANG_ENABLE_OBJC_ARC = YES;
				CLANG_ENABLE_OBJC_WEAK = YES;
				CLANG_WARN_BLOCK_CAPTURE_AUTORELEASING = YES;
				CLANG_WARN_BOOL_CONVERSION = YES;
				CLANG_WARN_COMMA = YES;
				CLANG_WARN_CONSTANT_CONVERSION = YES;
				CLANG_WARN_DEPRECATED_OBJC_IMPLEMENTATIONS = YES;
				CLANG_WARN_DIRECT_OBJC_ISA_USAGE = YES_ERROR;
				CLANG_WARN_DOCUMENTATION_COMMENTS = YES;
				CLANG_WARN_EMPTY_BODY = YES;
				CLANG_WARN_ENUM_CONVERSION = YES;
				CLANG_WARN_INFINITE_RECURSION = YES;
				CLANG_WARN_INT_CONVERSION = YES;
				CLANG_WARN_NON_LITERAL_NULL_CONVERSION = YES;
				CLANG_WARN_OBJC_IMPLICIT_RETAIN_SELF = YES;
				CLANG_WARN_OBJC_LITERAL_CONVERSION = YES;
				CLANG_WARN_OBJC_ROOT_CLASS = YES_ERROR;
				CLANG_WARN_RANGE_LOOP_ANALYSIS = YES;
				CLANG_WARN_STRICT_PROTOTYPES = YES;
				CLANG_WARN_SUSPICIOUS_MOVE = YES;
				CLANG_WARN_UNGUARDED_AVAILABILITY = YES_AGGRESSIVE;
				CLANG_WARN_UNREACHABLE_CODE = YES;
				CLANG_WARN__DUPLICATE_METHOD_MATCH = YES;
				COPY_PHASE_STRIP = NO;
				DEBUG_INFORMATION_FORMAT = "dwarf-with-dsym";
				ENABLE_NS_ASSERTIONS = NO;
				ENABLE_STRICT_OBJC_MSGSEND = YES;
				GCC_C_LANGUAGE_STANDARD = gnu11;
				GCC_NO_COMMON_BLOCKS = YES;
				GCC_WARN_64_TO_32_BIT_CONVERSION = YES;
				GCC_WARN_ABOUT_RETURN_TYPE = YES_ERROR;
				GCC_WARN_UNDECLARED_SELECTOR = YES;
				GCC_WARN_UNINITIALIZED_AUTOS = YES_AGGRESSIVE;
				GCC_WARN_UNUSED_FUNCTION = YES;
				GCC_WARN_UNUSED_VARIABLE = YES;
				IPHONEOS_DEPLOYMENT_TARGET = 13.0;
				MTL_ENABLE_DEBUG_INFO = NO;
				MTL_FAST_MATH = YES;
				SDKROOT = iphoneos;
				SWIFT_COMPILATION_MODE = wholemodule;
				SWIFT_OPTIMIZATION_LEVEL = "-O";
				VALIDATE_PRODUCT = YES;
			};
			name = Release;
		};
		AFF9D949234E05F000EBF6FC /* Debug */ = {
			isa = XCBuildConfiguration;
			buildSettings = {
				ASSETCATALOG_COMPILER_APPICON_NAME = AppIcon;
				CODE_SIGN_STYLE = Automatic;
				DEVELOPMENT_ASSET_PATHS = "\"TheFramework/Preview Content\"";
				DEVELOPMENT_TEAM = 8EE2F7U9YF;
				ENABLE_PREVIEWS = YES;
				INFOPLIST_FILE = TheFramework/Info.plist;
				LD_RUNPATH_SEARCH_PATHS = (
					"$(inherited)",
					"@executable_path/Frameworks",
				);
				PRODUCT_BUNDLE_IDENTIFIER = com.grimm.TheFramework;
				PRODUCT_NAME = "$(TARGET_NAME)";
				SWIFT_VERSION = 5.0;
				TARGETED_DEVICE_FAMILY = "1,2";
			};
			name = Debug;
		};
		AFF9D94A234E05F000EBF6FC /* Release */ = {
			isa = XCBuildConfiguration;
			buildSettings = {
				ASSETCATALOG_COMPILER_APPICON_NAME = AppIcon;
				CODE_SIGN_STYLE = Automatic;
				DEVELOPMENT_ASSET_PATHS = "\"TheFramework/Preview Content\"";
				DEVELOPMENT_TEAM = 8EE2F7U9YF;
				ENABLE_PREVIEWS = YES;
				INFOPLIST_FILE = TheFramework/Info.plist;
				LD_RUNPATH_SEARCH_PATHS = (
					"$(inherited)",
					"@executable_path/Frameworks",
				);
				PRODUCT_BUNDLE_IDENTIFIER = com.grimm.TheFramework;
				PRODUCT_NAME = "$(TARGET_NAME)";
				SWIFT_VERSION = 5.0;
				TARGETED_DEVICE_FAMILY = "1,2";
			};
			name = Release;
		};
/* End XCBuildConfiguration section */

/* Begin XCConfigurationList section */
		AFF9D92C234E05EF00EBF6FC /* Build configuration list for PBXProject "TheFramework" */ = {
			isa = XCConfigurationList;
			buildConfigurations = (
				AFF9D946234E05F000EBF6FC /* Debug */,
				AFF9D947234E05F000EBF6FC /* Release */,
			);
			defaultConfigurationIsVisible = 0;
			defaultConfigurationName = Release;
		};
		AFF9D948234E05F000EBF6FC /* Build configuration list for PBXNativeTarget "TheFramework" */ = {
			isa = XCConfigurationList;
			buildConfigurations = (
				AFF9D949234E05F000EBF6FC /* Debug */,
				AFF9D94A234E05F000EBF6FC /* Release */,
			);
			defaultConfigurationIsVisible = 0;
			defaultConfigurationName = Release;
		};
/* End XCConfigurationList section */

/* Begin XCVersionGroup section */
		AFF9D938234E05EF00EBF6FC /* TheFramework.xcdatamodeld */ = {
			isa = XCVersionGroup;
			children = (
				AFF9D939234E05EF00EBF6FC /* TheFramework.xcdatamodel */,
			);
			currentVersion = AFF9D939234E05EF00EBF6FC /* TheFramework.xcdatamodel */;
			path = TheFramework.xcdatamodeld;
			sourceTree = "<group>";
			versionGroupType = wrapper.xcdatamodel;
		};
/* End XCVersionGroup section */
	};
	rootObject = AFF9D929234E05EF00EBF6FC /* Project object */;
}
